{
  "pins" : [
    {
      "identity" : "capacitor-swift-pm",
      "kind" : "remoteSourceControl",
      "location" : "https://github.com/ionic-team/capacitor-swift-pm.git",
      "state" : {
        "branch" : "main",
        "revision" : "8f7e7c53fe74d331dac609ab6d0c5ec76d10fb0d"
      }
    },
    {
      "identity" : "generative-ai-swift",
      "kind" : "remoteSourceControl",
      "location" : "https://github.com/google/generative-ai-swift.git",
      "state" : {
        "branch" : "main",
        "revision" : "54784005b57c2235a7669e0c12e8dafa68f0ca5f"
      }
    }
  ],
  "version" : 2
}
